
Microsoft Visual Studio Solution File, Format Version 12.00
# Visual Studio Version 17
VisualStudioVersion = 17.1.32421.90
MinimumVisualStudioVersion = 10.0.40219.1
Project("{FAE04EC0-301F-11D3-BF4B-00C04F79EFBC}") = "HeroAPIWebApp", "HeroAPIWebApp\HeroAPIWebApp.csproj", "{15EB6613-11D4-465A-A78F-EA441C93ED4F}"
EndProject
Global
	GlobalSection(SolutionConfigurationPlatforms) = preSolution
		Debug|Any CPU = Debug|Any CPU
		Release|Any CPU = Release|Any CPU
	EndGlobalSection
	GlobalSection(ProjectConfigurationPlatforms) = postSolution
		{15EB6613-11D4-465A-A78F-EA441C93ED4F}.Debug|Any CPU.ActiveCfg = Debug|Any CPU
		{15EB6613-11D4-465A-A78F-EA441C93ED4F}.Debug|Any CPU.Build.0 = Debug|Any CPU
		{15EB6613-11D4-465A-A78F-EA441C93ED4F}.Release|Any CPU.ActiveCfg = Release|Any CPU
		{15EB6613-11D4-465A-A78F-EA441C93ED4F}.Release|Any CPU.Build.0 = Release|Any CPU
	EndGlobalSection
	GlobalSection(SolutionProperties) = preSolution
		HideSolutionNode = FALSE
	EndGlobalSection
	GlobalSection(ExtensibilityGlobals) = postSolution
		SolutionGuid = {D0C239B6-3388-4E6F-A555-52C1A79C85F3}
	EndGlobalSection
EndGlobal
