
Microsoft Visual Studio Solution File, Format Version 12.00
# Visual Studio Version 16
VisualStudioVersion = 16.0.31702.278
MinimumVisualStudioVersion = 10.0.40219.1
Project("{FAE04EC0-301F-11D3-BF4B-00C04F79EFBC}") = "HW4_1", "HW4_1\HW4_1.csproj", "{E4F4A3B7-CC63-4E92-9DAC-DC3E08F1C1ED}"
EndProject
Global
	GlobalSection(SolutionConfigurationPlatforms) = preSolution
		Debug|Any CPU = Debug|Any CPU
		Release|Any CPU = Release|Any CPU
	EndGlobalSection
	GlobalSection(ProjectConfigurationPlatforms) = postSolution
		{E4F4A3B7-CC63-4E92-9DAC-DC3E08F1C1ED}.Debug|Any CPU.ActiveCfg = Debug|Any CPU
		{E4F4A3B7-CC63-4E92-9DAC-DC3E08F1C1ED}.Debug|Any CPU.Build.0 = Debug|Any CPU
		{E4F4A3B7-CC63-4E92-9DAC-DC3E08F1C1ED}.Release|Any CPU.ActiveCfg = Release|Any CPU
		{E4F4A3B7-CC63-4E92-9DAC-DC3E08F1C1ED}.Release|Any CPU.Build.0 = Release|Any CPU
	EndGlobalSection
	GlobalSection(SolutionProperties) = preSolution
		HideSolutionNode = FALSE
	EndGlobalSection
	GlobalSection(ExtensibilityGlobals) = postSolution
		SolutionGuid = {6A7C34D4-0E90-4FE0-BD52-8F3E3A3E83A1}
	EndGlobalSection
EndGlobal
